{
  "version": 4,
  "terraform_version": "1.9.1",
  "serial": 56,
  "lineage": "f0200b40-a3cc-01e3-a5cb-ce1a4c0f2b9f",
  "outputs": {},
  "resources": [
    {
      "mode": "data",
      "type": "twingate_group",
      "name": "Admin",
      "provider": "provider[\"registry.terraform.io/twingate/twingate\"]",
      "instances": [
        {
          "schema_version": 0,
          "attributes": {
            "id": "R3JvdXA6MjczMjA0",
            "is_active": true,
            "name": "Admin",
            "security_policy_id": "U2VjdXJpdHlQb2xpY3k6MzgxMTI0",
            "type": "MANUAL"
          },
          "sensitive_attributes": []
        }
      ]
    },
    {
      "mode": "data",
      "type": "twingate_group",
      "name": "IP_BarBone",
      "provider": "provider[\"registry.terraform.io/twingate/twingate\"]",
      "instances": [
        {
          "schema_version": 0,
          "attributes": {
            "id": "R3JvdXA6Mjc0MjU2",
            "is_active": true,
            "name": "IP BareBone",
            "security_policy_id": "U2VjdXJpdHlQb2xpY3k6MzgxMTI0",
            "type": "MANUAL"
          },
          "sensitive_attributes": []
        }
      ]
    },
    {
      "mode": "data",
      "type": "twingate_remote_network",
      "name": "arnho",
      "provider": "provider[\"registry.terraform.io/twingate/twingate\"]",
      "instances": [
        {
          "schema_version": 0,
          "attributes": {
            "id": "UmVtb3RlTmV0d29yazoxMjA5MjE=",
            "location": "ON_PREMISE",
            "name": "arnho",
            "type": "REGULAR"
          },
          "sensitive_attributes": []
        }
      ]
    },
    {
      "mode": "data",
      "type": "twingate_security_policy",
      "name": "default",
      "provider": "provider[\"registry.terraform.io/twingate/twingate\"]",
      "instances": [
        {
          "schema_version": 0,
          "attributes": {
            "id": "U2VjdXJpdHlQb2xpY3k6MzgxMTI0",
            "name": "Default Policy"
          },
          "sensitive_attributes": []
        }
      ]
    },
    {
      "mode": "managed",
      "type": "pihole_dns_record",
      "name": "ksmaster",
      "provider": "provider[\"registry.terraform.io/ryanwholey/pihole\"]",
      "instances": [
        {
          "schema_version": 0,
          "attributes": {
            "domain": "ksmaster.arnho.org",
            "id": "ksmaster.arnho.org",
            "ip": "192.168.1.40"
          },
          "sensitive_attributes": [],
          "private": "bnVsbA=="
        }
      ]
    },
    {
      "mode": "managed",
      "type": "pihole_dns_record",
      "name": "ksnode1",
      "provider": "provider[\"registry.terraform.io/ryanwholey/pihole\"]",
      "instances": [
        {
          "schema_version": 0,
          "attributes": {
            "domain": "ksnode1.arnho.org",
            "id": "ksnode1.arnho.org",
            "ip": "192.168.1.41"
          },
          "sensitive_attributes": [],
          "private": "bnVsbA=="
        }
      ]
    },
    {
      "mode": "managed",
      "type": "pihole_dns_record",
      "name": "ksnode2",
      "provider": "provider[\"registry.terraform.io/ryanwholey/pihole\"]",
      "instances": [
        {
          "schema_version": 0,
          "attributes": {
            "domain": "ksnode2.arnho.org",
            "id": "ksnode2.arnho.org",
            "ip": "192.168.1.42"
          },
          "sensitive_attributes": [],
          "private": "bnVsbA=="
        }
      ]
    },
    {
      "mode": "managed",
      "type": "pihole_dns_record",
      "name": "pihole",
      "provider": "provider[\"registry.terraform.io/ryanwholey/pihole\"]",
      "instances": [
        {
          "schema_version": 0,
          "attributes": {
            "domain": "pihole.arnho.org",
            "id": "pihole.arnho.org",
            "ip": "192.168.1.173"
          },
          "sensitive_attributes": [],
          "private": "bnVsbA=="
        }
      ]
    },
    {
      "mode": "managed",
      "type": "pihole_dns_record",
      "name": "ugame",
      "provider": "provider[\"registry.terraform.io/ryanwholey/pihole\"]",
      "instances": [
        {
          "schema_version": 0,
          "attributes": {
            "domain": "ugame.arnho.org",
            "id": "ugame.arnho.org",
            "ip": "192.168.1.163"
          },
          "sensitive_attributes": [],
          "private": "bnVsbA=="
        }
      ]
    },
    {
      "mode": "managed",
      "type": "twingate_resource",
      "name": "K3S_Master_IP",
      "provider": "provider[\"registry.terraform.io/twingate/twingate\"]",
      "instances": [
        {
          "schema_version": 2,
          "attributes": {
            "access_group": [
              {
                "group_id": "R3JvdXA6Mjc0MjU2",
                "security_policy_id": "U2VjdXJpdHlQb2xpY3k6MzgxMTI0",
                "usage_based_autolock_duration_days": null
              }
            ],
            "access_service": [],
            "address": "192.168.1.40",
            "alias": null,
            "id": "UmVzb3VyY2U6Mjc1NzY3OQ==",
            "is_active": true,
            "is_authoritative": true,
            "is_browser_shortcut_enabled": false,
            "is_visible": true,
            "name": "K3S_Master_IP",
            "protocols": {
              "allow_icmp": true,
              "tcp": {
                "policy": "ALLOW_ALL",
                "ports": []
              },
              "udp": {
                "policy": "ALLOW_ALL",
                "ports": []
              }
            },
            "remote_network_id": "UmVtb3RlTmV0d29yazoxMjA5MjE=",
            "security_policy_id": "U2VjdXJpdHlQb2xpY3k6MzgxMTI0"
          },
          "sensitive_attributes": [],
          "dependencies": [
            "data.twingate_group.IP_BarBone",
            "data.twingate_remote_network.arnho",
            "data.twingate_security_policy.default"
          ]
        }
      ]
    },
    {
      "mode": "managed",
      "type": "twingate_resource",
      "name": "K3S_Node1_IP",
      "provider": "provider[\"registry.terraform.io/twingate/twingate\"]",
      "instances": [
        {
          "schema_version": 2,
          "attributes": {
            "access_group": [
              {
                "group_id": "R3JvdXA6Mjc0MjU2",
                "security_policy_id": "U2VjdXJpdHlQb2xpY3k6MzgxMTI0",
                "usage_based_autolock_duration_days": null
              }
            ],
            "access_service": [],
            "address": "192.168.1.41",
            "alias": null,
            "id": "UmVzb3VyY2U6Mjc1NzY3Ng==",
            "is_active": true,
            "is_authoritative": true,
            "is_browser_shortcut_enabled": false,
            "is_visible": true,
            "name": "K3S_Master_IP",
            "protocols": {
              "allow_icmp": true,
              "tcp": {
                "policy": "ALLOW_ALL",
                "ports": []
              },
              "udp": {
                "policy": "ALLOW_ALL",
                "ports": []
              }
            },
            "remote_network_id": "UmVtb3RlTmV0d29yazoxMjA5MjE=",
            "security_policy_id": "U2VjdXJpdHlQb2xpY3k6MzgxMTI0"
          },
          "sensitive_attributes": [],
          "dependencies": [
            "data.twingate_group.IP_BarBone",
            "data.twingate_remote_network.arnho",
            "data.twingate_security_policy.default"
          ]
        }
      ]
    },
    {
      "mode": "managed",
      "type": "twingate_resource",
      "name": "K3S_Node2_IP",
      "provider": "provider[\"registry.terraform.io/twingate/twingate\"]",
      "instances": [
        {
          "schema_version": 2,
          "attributes": {
            "access_group": [
              {
                "group_id": "R3JvdXA6Mjc0MjU2",
                "security_policy_id": "U2VjdXJpdHlQb2xpY3k6MzgxMTI0",
                "usage_based_autolock_duration_days": null
              }
            ],
            "access_service": [],
            "address": "192.168.1.42",
            "alias": null,
            "id": "UmVzb3VyY2U6Mjc1NzY3Nw==",
            "is_active": true,
            "is_authoritative": true,
            "is_browser_shortcut_enabled": false,
            "is_visible": true,
            "name": "K3S_Master_IP",
            "protocols": {
              "allow_icmp": true,
              "tcp": {
                "policy": "ALLOW_ALL",
                "ports": []
              },
              "udp": {
                "policy": "ALLOW_ALL",
                "ports": []
              }
            },
            "remote_network_id": "UmVtb3RlTmV0d29yazoxMjA5MjE=",
            "security_policy_id": "U2VjdXJpdHlQb2xpY3k6MzgxMTI0"
          },
          "sensitive_attributes": [],
          "dependencies": [
            "data.twingate_group.IP_BarBone",
            "data.twingate_remote_network.arnho",
            "data.twingate_security_policy.default"
          ]
        }
      ]
    },
    {
      "mode": "managed",
      "type": "twingate_resource",
      "name": "UGame_IP",
      "provider": "provider[\"registry.terraform.io/twingate/twingate\"]",
      "instances": [
        {
          "schema_version": 2,
          "attributes": {
            "access_group": [
              {
                "group_id": "R3JvdXA6Mjc0MjU2",
                "security_policy_id": "U2VjdXJpdHlQb2xpY3k6MzgxMTI0",
                "usage_based_autolock_duration_days": null
              }
            ],
            "access_service": [],
            "address": "192.168.1.163",
            "alias": null,
            "id": "UmVzb3VyY2U6Mjc1NzY3OA==",
            "is_active": true,
            "is_authoritative": true,
            "is_browser_shortcut_enabled": false,
            "is_visible": true,
            "name": "UGame_IP",
            "protocols": {
              "allow_icmp": true,
              "tcp": {
                "policy": "ALLOW_ALL",
                "ports": []
              },
              "udp": {
                "policy": "ALLOW_ALL",
                "ports": []
              }
            },
            "remote_network_id": "UmVtb3RlTmV0d29yazoxMjA5MjE=",
            "security_policy_id": "U2VjdXJpdHlQb2xpY3k6MzgxMTI0"
          },
          "sensitive_attributes": [],
          "dependencies": [
            "data.twingate_group.IP_BarBone",
            "data.twingate_remote_network.arnho",
            "data.twingate_security_policy.default"
          ]
        }
      ]
    },
    {
      "mode": "managed",
      "type": "twingate_resource",
      "name": "pihole_DNS",
      "provider": "provider[\"registry.terraform.io/twingate/twingate\"]",
      "instances": [
        {
          "schema_version": 2,
          "attributes": {
            "access_group": [
              {
                "group_id": "R3JvdXA6MjczMjA0",
                "security_policy_id": "U2VjdXJpdHlQb2xpY3k6MzgxMTI0",
                "usage_based_autolock_duration_days": null
              }
            ],
            "access_service": [],
            "address": "pihole.arnho.org",
            "alias": null,
            "id": "UmVzb3VyY2U6Mjc1NzY3NQ==",
            "is_active": true,
            "is_authoritative": true,
            "is_browser_shortcut_enabled": false,
            "is_visible": true,
            "name": "pihole_DNS",
            "protocols": {
              "allow_icmp": true,
              "tcp": {
                "policy": "ALLOW_ALL",
                "ports": []
              },
              "udp": {
                "policy": "ALLOW_ALL",
                "ports": []
              }
            },
            "remote_network_id": "UmVtb3RlTmV0d29yazoxMjA5MjE=",
            "security_policy_id": "U2VjdXJpdHlQb2xpY3k6MzgxMTI0"
          },
          "sensitive_attributes": [],
          "dependencies": [
            "data.twingate_group.Admin",
            "data.twingate_remote_network.arnho",
            "data.twingate_security_policy.default"
          ]
        }
      ]
    }
  ],
  "check_results": null
}
